{
  "name": "app",
  "lockfileVersion": 3,
  "requires": true,
  "packages": {
    "": {
      "dependencies": {
        "cash-dom": "^8.1.5"
      }
    },
    "node_modules/cash-dom": {
      "version": "8.1.5",
      "resolved": "https://registry.npmjs.org/cash-dom/-/cash-dom-8.1.5.tgz",
      "integrity": "sha512-/BS05CfzyHR5xT2ksKj1sDLPaOv5rSmIwoGxNgdKwUtnIuiJ5neMxVEmZxvfyJiSjGbOMD0Lwe+9v+fszDqHew=="
    }
  }
}
